// !$*UTF8*$!
{
	archiveVersion = 1;
	classes = {
	};
	objectVersion = 51;
	objects = {

/* Begin PBXBuildFile section */
		097C10A511D409B143F9F791 /* Pods_Jaime.framework in Frameworks */ = {isa = PBXBuildFile; fileRef = 37BA3A42EC1F85ABAC5FA238 /* Pods_Jaime.framework */; };
		DA01FC1122B73E5500D98501 /* Advertiser.swift in Sources */ = {isa = PBXBuildFile; fileRef = DA01FC1022B73E5500D98501 /* Advertiser.swift */; };
		DA3ED8B522B5E676001E47D5 /* Extensions+UIView.swift in Sources */ = {isa = PBXBuildFile; fileRef = DA3ED8B422B5E676001E47D5 /* Extensions+UIView.swift */; };
		DA3ED8B822B5F3B4001E47D5 /* HomeBottomControlsStackView.swift in Sources */ = {isa = PBXBuildFile; fileRef = DA3ED8B722B5F3B4001E47D5 /* HomeBottomControlsStackView.swift */; };
		DA3ED8BA22B5FB15001E47D5 /* TopNavigationStackView.swift in Sources */ = {isa = PBXBuildFile; fileRef = DA3ED8B922B5FB15001E47D5 /* TopNavigationStackView.swift */; };
		DA3ED8BC22B6BEFE001E47D5 /* CardView.swift in Sources */ = {isa = PBXBuildFile; fileRef = DA3ED8BB22B6BEFE001E47D5 /* CardView.swift */; };
		DA3ED8BF22B6EFB4001E47D5 /* User.swift in Sources */ = {isa = PBXBuildFile; fileRef = DA3ED8BE22B6EFB4001E47D5 /* User.swift */; };
		DA712EA722B730D5009D6471 /* CardViewModel.swift in Sources */ = {isa = PBXBuildFile; fileRef = DA712EA622B730D5009D6471 /* CardViewModel.swift */; };
		DAA54B6122E4FD5300518908 /* SettingsTableViewController.swift in Sources */ = {isa = PBXBuildFile; fileRef = DAA54B6022E4FD5300518908 /* SettingsTableViewController.swift */; };
		DAA54B6322E508FA00518908 /* SettingsTableViewCell.swift in Sources */ = {isa = PBXBuildFile; fileRef = DAA54B6222E508FA00518908 /* SettingsTableViewCell.swift */; };
		DAA54B6522E553EB00518908 /* AgeRangeTableViewCell.swift in Sources */ = {isa = PBXBuildFile; fileRef = DAA54B6422E553EB00518908 /* AgeRangeTableViewCell.swift */; };
		DABBEAD022B593770025A6B7 /* AppDelegate.swift in Sources */ = {isa = PBXBuildFile; fileRef = DABBEACF22B593770025A6B7 /* AppDelegate.swift */; };
		DABBEAD222B593770025A6B7 /* HomeController.swift in Sources */ = {isa = PBXBuildFile; fileRef = DABBEAD122B593770025A6B7 /* HomeController.swift */; };
		DABBEAD522B593770025A6B7 /* Main.storyboard in Resources */ = {isa = PBXBuildFile; fileRef = DABBEAD322B593770025A6B7 /* Main.storyboard */; };
		DABBEAD722B593780025A6B7 /* Assets.xcassets in Resources */ = {isa = PBXBuildFile; fileRef = DABBEAD622B593780025A6B7 /* Assets.xcassets */; };
		DABBEADA22B593780025A6B7 /* LaunchScreen.storyboard in Resources */ = {isa = PBXBuildFile; fileRef = DABBEAD822B593780025A6B7 /* LaunchScreen.storyboard */; };
		EB1D60CE22DBCB180054683A /* Bindable.swift in Sources */ = {isa = PBXBuildFile; fileRef = EB1D60CD22DBCB180054683A /* Bindable.swift */; };
		EB1F718722DAB62F00880333 /* GoogleService-Info.plist in Resources */ = {isa = PBXBuildFile; fileRef = EB1F718622DAB62F00880333 /* GoogleService-Info.plist */; };
		EB2C66CD22C02B8900332D3B /* RegistrationViewController.swift in Sources */ = {isa = PBXBuildFile; fileRef = EB2C66CC22C02B8900332D3B /* RegistrationViewController.swift */; };
		EB2C66CF22C05B5900332D3B /* CustomTextfield.swift in Sources */ = {isa = PBXBuildFile; fileRef = EB2C66CE22C05B5900332D3B /* CustomTextfield.swift */; };
		EBCB41C922C32788007C2A1B /* RegistrationViewModel.swift in Sources */ = {isa = PBXBuildFile; fileRef = EBCB41C822C32788007C2A1B /* RegistrationViewModel.swift */; };
		EBD239BE23130EFB00F021A1 /* Firebase+Utils.swift in Sources */ = {isa = PBXBuildFile; fileRef = EBD239BD23130EFB00F021A1 /* Firebase+Utils.swift */; };
		EBD239C1231319ED00F021A1 /* LoginController.swift in Sources */ = {isa = PBXBuildFile; fileRef = EBD239C0231319ED00F021A1 /* LoginController.swift */; };
		EBD239C3231319F800F021A1 /* LoginViewModel.swift in Sources */ = {isa = PBXBuildFile; fileRef = EBD239C2231319F800F021A1 /* LoginViewModel.swift */; };
/* End PBXBuildFile section */

/* Begin PBXFileReference section */
		37BA3A42EC1F85ABAC5FA238 /* Pods_Jaime.framework */ = {isa = PBXFileReference; explicitFileType = wrapper.framework; includeInIndex = 0; path = Pods_Jaime.framework; sourceTree = BUILT_PRODUCTS_DIR; };
		40EC4EE188C1953231B4C9B6 /* Pods-Jaime.debug.xcconfig */ = {isa = PBXFileReference; includeInIndex = 1; lastKnownFileType = text.xcconfig; name = "Pods-Jaime.debug.xcconfig"; path = "Target Support Files/Pods-Jaime/Pods-Jaime.debug.xcconfig"; sourceTree = "<group>"; };
		B7FD07401221F750FBF4FE67 /* Pods-Jaime.release.xcconfig */ = {isa = PBXFileReference; includeInIndex = 1; lastKnownFileType = text.xcconfig; name = "Pods-Jaime.release.xcconfig"; path = "Target Support Files/Pods-Jaime/Pods-Jaime.release.xcconfig"; sourceTree = "<group>"; };
		DA01FC1022B73E5500D98501 /* Advertiser.swift */ = {isa = PBXFileReference; lastKnownFileType = sourcecode.swift; path = Advertiser.swift; sourceTree = "<group>"; };
		DA3ED8B422B5E676001E47D5 /* Extensions+UIView.swift */ = {isa = PBXFileReference; fileEncoding = 4; lastKnownFileType = sourcecode.swift; path = "Extensions+UIView.swift"; sourceTree = "<group>"; };
		DA3ED8B722B5F3B4001E47D5 /* HomeBottomControlsStackView.swift */ = {isa = PBXFileReference; lastKnownFileType = sourcecode.swift; path = HomeBottomControlsStackView.swift; sourceTree = "<group>"; };
		DA3ED8B922B5FB15001E47D5 /* TopNavigationStackView.swift */ = {isa = PBXFileReference; lastKnownFileType = sourcecode.swift; path = TopNavigationStackView.swift; sourceTree = "<group>"; };
		DA3ED8BB22B6BEFE001E47D5 /* CardView.swift */ = {isa = PBXFileReference; lastKnownFileType = sourcecode.swift; path = CardView.swift; sourceTree = "<group>"; };
		DA3ED8BE22B6EFB4001E47D5 /* User.swift */ = {isa = PBXFileReference; lastKnownFileType = sourcecode.swift; path = User.swift; sourceTree = "<group>"; };
		DA712EA622B730D5009D6471 /* CardViewModel.swift */ = {isa = PBXFileReference; lastKnownFileType = sourcecode.swift; path = CardViewModel.swift; sourceTree = "<group>"; };
		DAA54B6022E4FD5300518908 /* SettingsTableViewController.swift */ = {isa = PBXFileReference; lastKnownFileType = sourcecode.swift; path = SettingsTableViewController.swift; sourceTree = "<group>"; };
		DAA54B6222E508FA00518908 /* SettingsTableViewCell.swift */ = {isa = PBXFileReference; lastKnownFileType = sourcecode.swift; path = SettingsTableViewCell.swift; sourceTree = "<group>"; };
		DAA54B6422E553EB00518908 /* AgeRangeTableViewCell.swift */ = {isa = PBXFileReference; lastKnownFileType = sourcecode.swift; path = AgeRangeTableViewCell.swift; sourceTree = "<group>"; };
		DABBEACC22B593770025A6B7 /* Jaime.app */ = {isa = PBXFileReference; explicitFileType = wrapper.application; includeInIndex = 0; path = Jaime.app; sourceTree = BUILT_PRODUCTS_DIR; };
		DABBEACF22B593770025A6B7 /* AppDelegate.swift */ = {isa = PBXFileReference; lastKnownFileType = sourcecode.swift; path = AppDelegate.swift; sourceTree = "<group>"; };
		DABBEAD122B593770025A6B7 /* HomeController.swift */ = {isa = PBXFileReference; lastKnownFileType = sourcecode.swift; path = HomeController.swift; sourceTree = "<group>"; };
		DABBEAD422B593770025A6B7 /* Base */ = {isa = PBXFileReference; lastKnownFileType = file.storyboard; name = Base; path = Base.lproj/Main.storyboard; sourceTree = "<group>"; };
		DABBEAD622B593780025A6B7 /* Assets.xcassets */ = {isa = PBXFileReference; lastKnownFileType = folder.assetcatalog; path = Assets.xcassets; sourceTree = "<group>"; };
		DABBEAD922B593780025A6B7 /* Base */ = {isa = PBXFileReference; lastKnownFileType = file.storyboard; name = Base; path = Base.lproj/LaunchScreen.storyboard; sourceTree = "<group>"; };
		DABBEADB22B593780025A6B7 /* Info.plist */ = {isa = PBXFileReference; lastKnownFileType = text.plist.xml; path = Info.plist; sourceTree = "<group>"; };
		EB1D60CD22DBCB180054683A /* Bindable.swift */ = {isa = PBXFileReference; lastKnownFileType = sourcecode.swift; path = Bindable.swift; sourceTree = "<group>"; };
		EB1F718622DAB62F00880333 /* GoogleService-Info.plist */ = {isa = PBXFileReference; fileEncoding = 4; lastKnownFileType = text.plist.xml; path = "GoogleService-Info.plist"; sourceTree = "<group>"; };
		EB2C66CC22C02B8900332D3B /* RegistrationViewController.swift */ = {isa = PBXFileReference; lastKnownFileType = sourcecode.swift; path = RegistrationViewController.swift; sourceTree = "<group>"; };
		EB2C66CE22C05B5900332D3B /* CustomTextfield.swift */ = {isa = PBXFileReference; lastKnownFileType = sourcecode.swift; path = CustomTextfield.swift; sourceTree = "<group>"; };
		EBCB41C822C32788007C2A1B /* RegistrationViewModel.swift */ = {isa = PBXFileReference; lastKnownFileType = sourcecode.swift; path = RegistrationViewModel.swift; sourceTree = "<group>"; };
		EBD239BD23130EFB00F021A1 /* Firebase+Utils.swift */ = {isa = PBXFileReference; lastKnownFileType = sourcecode.swift; path = "Firebase+Utils.swift"; sourceTree = "<group>"; };
		EBD239C0231319ED00F021A1 /* LoginController.swift */ = {isa = PBXFileReference; lastKnownFileType = sourcecode.swift; path = LoginController.swift; sourceTree = "<group>"; };
		EBD239C2231319F800F021A1 /* LoginViewModel.swift */ = {isa = PBXFileReference; lastKnownFileType = sourcecode.swift; path = LoginViewModel.swift; sourceTree = "<group>"; };
/* End PBXFileReference section */

/* Begin PBXFrameworksBuildPhase section */
		DABBEAC922B593770025A6B7 /* Frameworks */ = {
			isa = PBXFrameworksBuildPhase;
			buildActionMask = 2147483647;
			files = (
				097C10A511D409B143F9F791 /* Pods_Jaime.framework in Frameworks */,
			);
			runOnlyForDeploymentPostprocessing = 0;
		};
/* End PBXFrameworksBuildPhase section */

/* Begin PBXGroup section */
		1D503A773188D5888D932BD3 /* Frameworks */ = {
			isa = PBXGroup;
			children = (
				37BA3A42EC1F85ABAC5FA238 /* Pods_Jaime.framework */,
			);
			name = Frameworks;
			sourceTree = "<group>";
		};
		6200F4F21B12BEE935136C31 /* Pods */ = {
			isa = PBXGroup;
			children = (
				40EC4EE188C1953231B4C9B6 /* Pods-Jaime.debug.xcconfig */,
				B7FD07401221F750FBF4FE67 /* Pods-Jaime.release.xcconfig */,
			);
			path = Pods;
			sourceTree = "<group>";
		};
		DA3ED8B322B5E5FA001E47D5 /* Extensions */ = {
			isa = PBXGroup;
			children = (
				DA3ED8B422B5E676001E47D5 /* Extensions+UIView.swift */,
				EBD239BD23130EFB00F021A1 /* Firebase+Utils.swift */,
			);
			path = Extensions;
			sourceTree = "<group>";
		};
		DA3ED8B622B5F37E001E47D5 /* Views */ = {
			isa = PBXGroup;
			children = (
				DA3ED8B722B5F3B4001E47D5 /* HomeBottomControlsStackView.swift */,
				DA3ED8B922B5FB15001E47D5 /* TopNavigationStackView.swift */,
				DA3ED8BB22B6BEFE001E47D5 /* CardView.swift */,
				EB2C66CE22C05B5900332D3B /* CustomTextfield.swift */,
				DAA54B6222E508FA00518908 /* SettingsTableViewCell.swift */,
				DAA54B6422E553EB00518908 /* AgeRangeTableViewCell.swift */,
			);
			path = Views;
			sourceTree = "<group>";
		};
		DA3ED8BD22B6E891001E47D5 /* Model */ = {
			isa = PBXGroup;
			children = (
				DA3ED8BE22B6EFB4001E47D5 /* User.swift */,
				DA01FC1022B73E5500D98501 /* Advertiser.swift */,
			);
			path = Model;
			sourceTree = "<group>";
		};
		DA3ED8C022B72D88001E47D5 /* Controllers */ = {
			isa = PBXGroup;
			children = (
				EBD239BF231319D900F021A1 /* Login */,
				DABBEAD122B593770025A6B7 /* HomeController.swift */,
				EB2C66CC22C02B8900332D3B /* RegistrationViewController.swift */,
				EBCB41C822C32788007C2A1B /* RegistrationViewModel.swift */,
				EB1D60CD22DBCB180054683A /* Bindable.swift */,
				DAA54B6022E4FD5300518908 /* SettingsTableViewController.swift */,
			);
			path = Controllers;
			sourceTree = "<group>";
		};
		DA712EA522B730BB009D6471 /* ViewModels */ = {
			isa = PBXGroup;
			children = (
				DA712EA622B730D5009D6471 /* CardViewModel.swift */,
			);
			path = ViewModels;
			sourceTree = "<group>";
		};
		DABBEAC322B593770025A6B7 = {
			isa = PBXGroup;
			children = (
				DABBEACE22B593770025A6B7 /* Jaime */,
				DABBEACD22B593770025A6B7 /* Products */,
				6200F4F21B12BEE935136C31 /* Pods */,
				1D503A773188D5888D932BD3 /* Frameworks */,
			);
			sourceTree = "<group>";
		};
		DABBEACD22B593770025A6B7 /* Products */ = {
			isa = PBXGroup;
			children = (
				DABBEACC22B593770025A6B7 /* Jaime.app */,
			);
			name = Products;
			sourceTree = "<group>";
		};
		DABBEACE22B593770025A6B7 /* Jaime */ = {
			isa = PBXGroup;
			children = (
				DA712EA522B730BB009D6471 /* ViewModels */,
				DA3ED8C022B72D88001E47D5 /* Controllers */,
				DA3ED8BD22B6E891001E47D5 /* Model */,
				DA3ED8B622B5F37E001E47D5 /* Views */,
				DA3ED8B322B5E5FA001E47D5 /* Extensions */,
				DABBEACF22B593770025A6B7 /* AppDelegate.swift */,
				DABBEAD322B593770025A6B7 /* Main.storyboard */,
				DABBEAD622B593780025A6B7 /* Assets.xcassets */,
				DABBEAD822B593780025A6B7 /* LaunchScreen.storyboard */,
				DABBEADB22B593780025A6B7 /* Info.plist */,
				EB1F718622DAB62F00880333 /* GoogleService-Info.plist */,
			);
			path = Jaime;
			sourceTree = "<group>";
		};
		EBD239BF231319D900F021A1 /* Login */ = {
			isa = PBXGroup;
			children = (
				EBD239C0231319ED00F021A1 /* LoginController.swift */,
				EBD239C2231319F800F021A1 /* LoginViewModel.swift */,
			);
			path = Login;
			sourceTree = "<group>";
		};
/* End PBXGroup section */

/* Begin PBXNativeTarget section */
		DABBEACB22B593770025A6B7 /* Jaime */ = {
			isa = PBXNativeTarget;
			buildConfigurationList = DABBEADE22B593780025A6B7 /* Build configuration list for PBXNativeTarget "Jaime" */;
			buildPhases = (
				D62FDCEBD8D20AA311CAB6A8 /* [CP] Check Pods Manifest.lock */,
				DABBEAC822B593770025A6B7 /* Sources */,
				DABBEAC922B593770025A6B7 /* Frameworks */,
				DABBEACA22B593770025A6B7 /* Resources */,
				431BD2C80FE307819EA4FFC0 /* [CP] Embed Pods Frameworks */,
			);
			buildRules = (
			);
			dependencies = (
			);
			name = Jaime;
			productName = Jaime;
			productReference = DABBEACC22B593770025A6B7 /* Jaime.app */;
			productType = "com.apple.product-type.application";
		};
/* End PBXNativeTarget section */

/* Begin PBXProject section */
		DABBEAC422B593770025A6B7 /* Project object */ = {
			isa = PBXProject;
			attributes = {
				LastSwiftUpdateCheck = 1020;
				LastUpgradeCheck = 1020;
				ORGANIZATIONNAME = "Paul Huynh";
				TargetAttributes = {
					DABBEACB22B593770025A6B7 = {
						CreatedOnToolsVersion = 10.2.1;
					};
				};
			};
			buildConfigurationList = DABBEAC722B593770025A6B7 /* Build configuration list for PBXProject "Jaime" */;
			compatibilityVersion = "Xcode 9.3";
			developmentRegion = en;
			hasScannedForEncodings = 0;
			knownRegions = (
				en,
				Base,
			);
			mainGroup = DABBEAC322B593770025A6B7;
			productRefGroup = DABBEACD22B593770025A6B7 /* Products */;
			projectDirPath = "";
			projectRoot = "";
			targets = (
				DABBEACB22B593770025A6B7 /* Jaime */,
			);
		};
/* End PBXProject section */

/* Begin PBXResourcesBuildPhase section */
		DABBEACA22B593770025A6B7 /* Resources */ = {
			isa = PBXResourcesBuildPhase;
			buildActionMask = 2147483647;
			files = (
				DABBEADA22B593780025A6B7 /* LaunchScreen.storyboard in Resources */,
				EB1F718722DAB62F00880333 /* GoogleService-Info.plist in Resources */,
				DABBEAD722B593780025A6B7 /* Assets.xcassets in Resources */,
				DABBEAD522B593770025A6B7 /* Main.storyboard in Resources */,
			);
			runOnlyForDeploymentPostprocessing = 0;
		};
/* End PBXResourcesBuildPhase section */

/* Begin PBXShellScriptBuildPhase section */
		431BD2C80FE307819EA4FFC0 /* [CP] Embed Pods Frameworks */ = {
			isa = PBXShellScriptBuildPhase;
			buildActionMask = 2147483647;
			files = (
			);
			inputFileListPaths = (
				"${PODS_ROOT}/Target Support Files/Pods-Jaime/Pods-Jaime-frameworks-${CONFIGURATION}-input-files.xcfilelist",
			);
			name = "[CP] Embed Pods Frameworks";
			outputFileListPaths = (
				"${PODS_ROOT}/Target Support Files/Pods-Jaime/Pods-Jaime-frameworks-${CONFIGURATION}-output-files.xcfilelist",
			);
			runOnlyForDeploymentPostprocessing = 0;
			shellPath = /bin/sh;
			shellScript = "\"${PODS_ROOT}/Target Support Files/Pods-Jaime/Pods-Jaime-frameworks.sh\"\n";
			showEnvVarsInLog = 0;
		};
		D62FDCEBD8D20AA311CAB6A8 /* [CP] Check Pods Manifest.lock */ = {
			isa = PBXShellScriptBuildPhase;
			buildActionMask = 2147483647;
			files = (
			);
			inputFileListPaths = (
			);
			inputPaths = (
				"${PODS_PODFILE_DIR_PATH}/Podfile.lock",
				"${PODS_ROOT}/Manifest.lock",
			);
			name = "[CP] Check Pods Manifest.lock";
			outputFileListPaths = (
			);
			outputPaths = (
				"$(DERIVED_FILE_DIR)/Pods-Jaime-checkManifestLockResult.txt",
			);
			runOnlyForDeploymentPostprocessing = 0;
			shellPath = /bin/sh;
			shellScript = "diff \"${PODS_PODFILE_DIR_PATH}/Podfile.lock\" \"${PODS_ROOT}/Manifest.lock\" > /dev/null\nif [ $? != 0 ] ; then\n    # print error to STDERR\n    echo \"error: The sandbox is not in sync with the Podfile.lock. Run 'pod install' or update your CocoaPods installation.\" >&2\n    exit 1\nfi\n# This output is used by Xcode 'outputs' to avoid re-running this script phase.\necho \"SUCCESS\" > \"${SCRIPT_OUTPUT_FILE_0}\"\n";
			showEnvVarsInLog = 0;
		};
/* End PBXShellScriptBuildPhase section */

/* Begin PBXSourcesBuildPhase section */
		DABBEAC822B593770025A6B7 /* Sources */ = {
			isa = PBXSourcesBuildPhase;
			buildActionMask = 2147483647;
			files = (
				EB1D60CE22DBCB180054683A /* Bindable.swift in Sources */,
				DABBEAD222B593770025A6B7 /* HomeController.swift in Sources */,
				EBCB41C922C32788007C2A1B /* RegistrationViewModel.swift in Sources */,
				DAA54B6522E553EB00518908 /* AgeRangeTableViewCell.swift in Sources */,
				DA3ED8B822B5F3B4001E47D5 /* HomeBottomControlsStackView.swift in Sources */,
				DA01FC1122B73E5500D98501 /* Advertiser.swift in Sources */,
				DABBEAD022B593770025A6B7 /* AppDelegate.swift in Sources */,
				DAA54B6122E4FD5300518908 /* SettingsTableViewController.swift in Sources */,
				EB2C66CF22C05B5900332D3B /* CustomTextfield.swift in Sources */,
				EBD239BE23130EFB00F021A1 /* Firebase+Utils.swift in Sources */,
				DAA54B6322E508FA00518908 /* SettingsTableViewCell.swift in Sources */,
				EB2C66CD22C02B8900332D3B /* RegistrationViewController.swift in Sources */,
				DA3ED8B522B5E676001E47D5 /* Extensions+UIView.swift in Sources */,
				EBD239C1231319ED00F021A1 /* LoginController.swift in Sources */,
				DA712EA722B730D5009D6471 /* CardViewModel.swift in Sources */,
				DA3ED8BC22B6BEFE001E47D5 /* CardView.swift in Sources */,
				DA3ED8BA22B5FB15001E47D5 /* TopNavigationStackView.swift in Sources */,
				EBD239C3231319F800F021A1 /* LoginViewModel.swift in Sources */,
				DA3ED8BF22B6EFB4001E47D5 /* User.swift in Sources */,
			);
			runOnlyForDeploymentPostprocessing = 0;
		};
/* End PBXSourcesBuildPhase section */

/* Begin PBXVariantGroup section */
		DABBEAD322B593770025A6B7 /* Main.storyboard */ = {
			isa = PBXVariantGroup;
			children = (
				DABBEAD422B593770025A6B7 /* Base */,
			);
			name = Main.storyboard;
			sourceTree = "<group>";
		};
		DABBEAD822B593780025A6B7 /* LaunchScreen.storyboard */ = {
			isa = PBXVariantGroup;
			children = (
				DABBEAD922B593780025A6B7 /* Base */,
			);
			name = LaunchScreen.storyboard;
			sourceTree = "<group>";
		};
/* End PBXVariantGroup section */

/* Begin XCBuildConfiguration section */
		DABBEADC22B593780025A6B7 /* Debug */ = {
			isa = XCBuildConfiguration;
			buildSettings = {
				ALWAYS_SEARCH_USER_PATHS = NO;
				CLANG_ANALYZER_NONNULL = YES;
				CLANG_ANALYZER_NUMBER_OBJECT_CONVERSION = YES_AGGRESSIVE;
				CLANG_CXX_LANGUAGE_STANDARD = "gnu++14";
				CLANG_CXX_LIBRARY = "libc++";
				CLANG_ENABLE_MODULES = YES;
				CLANG_ENABLE_OBJC_ARC = YES;
				CLANG_ENABLE_OBJC_WEAK = YES;
				CLANG_WARN_BLOCK_CAPTURE_AUTORELEASING = YES;
				CLANG_WARN_BOOL_CONVERSION = YES;
				CLANG_WARN_COMMA = YES;
				CLANG_WARN_CONSTANT_CONVERSION = YES;
				CLANG_WARN_DEPRECATED_OBJC_IMPLEMENTATIONS = YES;
				CLANG_WARN_DIRECT_OBJC_ISA_USAGE = YES_ERROR;
				CLANG_WARN_DOCUMENTATION_COMMENTS = YES;
				CLANG_WARN_EMPTY_BODY = YES;
				CLANG_WARN_ENUM_CONVERSION = YES;
				CLANG_WARN_INFINITE_RECURSION = YES;
				CLANG_WARN_INT_CONVERSION = YES;
				CLANG_WARN_NON_LITERAL_NULL_CONVERSION = YES;
				CLANG_WARN_OBJC_IMPLICIT_RETAIN_SELF = YES;
				CLANG_WARN_OBJC_LITERAL_CONVERSION = YES;
				CLANG_WARN_OBJC_ROOT_CLASS = YES_ERROR;
				CLANG_WARN_RANGE_LOOP_ANALYSIS = YES;
				CLANG_WARN_STRICT_PROTOTYPES = YES;
				CLANG_WARN_SUSPICIOUS_MOVE = YES;
				CLANG_WARN_UNGUARDED_AVAILABILITY = YES_AGGRESSIVE;
				CLANG_WARN_UNREACHABLE_CODE = YES;
				CLANG_WARN__DUPLICATE_METHOD_MATCH = YES;
				CODE_SIGN_IDENTITY = "iPhone Developer";
				COPY_PHASE_STRIP = NO;
				DEBUG_INFORMATION_FORMAT = dwarf;
				ENABLE_STRICT_OBJC_MSGSEND = YES;
				ENABLE_TESTABILITY = YES;
				GCC_C_LANGUAGE_STANDARD = gnu11;
				GCC_DYNAMIC_NO_PIC = NO;
				GCC_NO_COMMON_BLOCKS = YES;
				GCC_OPTIMIZATION_LEVEL = 0;
				GCC_PREPROCESSOR_DEFINITIONS = (
					"DEBUG=1",
					"$(inherited)",
				);
				GCC_WARN_64_TO_32_BIT_CONVERSION = YES;
				GCC_WARN_ABOUT_RETURN_TYPE = YES_ERROR;
				GCC_WARN_UNDECLARED_SELECTOR = YES;
				GCC_WARN_UNINITIALIZED_AUTOS = YES_AGGRESSIVE;
				GCC_WARN_UNUSED_FUNCTION = YES;
				GCC_WARN_UNUSED_VARIABLE = YES;
				IPHONEOS_DEPLOYMENT_TARGET = 12.2;
				MTL_ENABLE_DEBUG_INFO = INCLUDE_SOURCE;
				MTL_FAST_MATH = YES;
				ONLY_ACTIVE_ARCH = YES;
				SDKROOT = iphoneos;
				SWIFT_ACTIVE_COMPILATION_CONDITIONS = DEBUG;
				SWIFT_OPTIMIZATION_LEVEL = "-Onone";
			};
			name = Debug;
		};
		DABBEADD22B593780025A6B7 /* Release */ = {
			isa = XCBuildConfiguration;
			buildSettings = {
				ALWAYS_SEARCH_USER_PATHS = NO;
				CLANG_ANALYZER_NONNULL = YES;
				CLANG_ANALYZER_NUMBER_OBJECT_CONVERSION = YES_AGGRESSIVE;
				CLANG_CXX_LANGUAGE_STANDARD = "gnu++14";
				CLANG_CXX_LIBRARY = "libc++";
				CLANG_ENABLE_MODULES = YES;
				CLANG_ENABLE_OBJC_ARC = YES;
				CLANG_ENABLE_OBJC_WEAK = YES;
				CLANG_WARN_BLOCK_CAPTURE_AUTORELEASING = YES;
				CLANG_WARN_BOOL_CONVERSION = YES;
				CLANG_WARN_COMMA = YES;
				CLANG_WARN_CONSTANT_CONVERSION = YES;
				CLANG_WARN_DEPRECATED_OBJC_IMPLEMENTATIONS = YES;
				CLANG_WARN_DIRECT_OBJC_ISA_USAGE = YES_ERROR;
				CLANG_WARN_DOCUMENTATION_COMMENTS = YES;
				CLANG_WARN_EMPTY_BODY = YES;
				CLANG_WARN_ENUM_CONVERSION = YES;
				CLANG_WARN_INFINITE_RECURSION = YES;
				CLANG_WARN_INT_CONVERSION = YES;
				CLANG_WARN_NON_LITERAL_NULL_CONVERSION = YES;
				CLANG_WARN_OBJC_IMPLICIT_RETAIN_SELF = YES;
				CLANG_WARN_OBJC_LITERAL_CONVERSION = YES;
				CLANG_WARN_OBJC_ROOT_CLASS = YES_ERROR;
				CLANG_WARN_RANGE_LOOP_ANALYSIS = YES;
				CLANG_WARN_STRICT_PROTOTYPES = YES;
				CLANG_WARN_SUSPICIOUS_MOVE = YES;
				CLANG_WARN_UNGUARDED_AVAILABILITY = YES_AGGRESSIVE;
				CLANG_WARN_UNREACHABLE_CODE = YES;
				CLANG_WARN__DUPLICATE_METHOD_MATCH = YES;
				CODE_SIGN_IDENTITY = "iPhone Developer";
				COPY_PHASE_STRIP = NO;
				DEBUG_INFORMATION_FORMAT = "dwarf-with-dsym";
				ENABLE_NS_ASSERTIONS = NO;
				ENABLE_STRICT_OBJC_MSGSEND = YES;
				GCC_C_LANGUAGE_STANDARD = gnu11;
				GCC_NO_COMMON_BLOCKS = YES;
				GCC_WARN_64_TO_32_BIT_CONVERSION = YES;
				GCC_WARN_ABOUT_RETURN_TYPE = YES_ERROR;
				GCC_WARN_UNDECLARED_SELECTOR = YES;
				GCC_WARN_UNINITIALIZED_AUTOS = YES_AGGRESSIVE;
				GCC_WARN_UNUSED_FUNCTION = YES;
				GCC_WARN_UNUSED_VARIABLE = YES;
				IPHONEOS_DEPLOYMENT_TARGET = 12.2;
				MTL_ENABLE_DEBUG_INFO = NO;
				MTL_FAST_MATH = YES;
				SDKROOT = iphoneos;
				SWIFT_COMPILATION_MODE = wholemodule;
				SWIFT_OPTIMIZATION_LEVEL = "-O";
				VALIDATE_PRODUCT = YES;
			};
			name = Release;
		};
		DABBEADF22B593780025A6B7 /* Debug */ = {
			isa = XCBuildConfiguration;
			baseConfigurationReference = 40EC4EE188C1953231B4C9B6 /* Pods-Jaime.debug.xcconfig */;
			buildSettings = {
				ASSETCATALOG_COMPILER_APPICON_NAME = AppIcon;
				CODE_SIGN_STYLE = Automatic;
				DEVELOPMENT_TEAM = HQ9RJZ3A7D;
				INFOPLIST_FILE = Jaime/Info.plist;
				LD_RUNPATH_SEARCH_PATHS = (
					"$(inherited)",
					"@executable_path/Frameworks",
				);
				PRODUCT_BUNDLE_IDENTIFIER = com.project.Jaime;
				PRODUCT_NAME = "$(TARGET_NAME)";
				SWIFT_VERSION = 5.0;
				TARGETED_DEVICE_FAMILY = "1,2";
			};
			name = Debug;
		};
		DABBEAE022B593780025A6B7 /* Release */ = {
			isa = XCBuildConfiguration;
			baseConfigurationReference = B7FD07401221F750FBF4FE67 /* Pods-Jaime.release.xcconfig */;
			buildSettings = {
				ASSETCATALOG_COMPILER_APPICON_NAME = AppIcon;
				CODE_SIGN_STYLE = Automatic;
				DEVELOPMENT_TEAM = HQ9RJZ3A7D;
				INFOPLIST_FILE = Jaime/Info.plist;
				LD_RUNPATH_SEARCH_PATHS = (
					"$(inherited)",
					"@executable_path/Frameworks",
				);
				PRODUCT_BUNDLE_IDENTIFIER = com.project.Jaime;
				PRODUCT_NAME = "$(TARGET_NAME)";
				SWIFT_VERSION = 5.0;
				TARGETED_DEVICE_FAMILY = "1,2";
			};
			name = Release;
		};
/* End XCBuildConfiguration section */

/* Begin XCConfigurationList section */
		DABBEAC722B593770025A6B7 /* Build configuration list for PBXProject "Jaime" */ = {
			isa = XCConfigurationList;
			buildConfigurations = (
				DABBEADC22B593780025A6B7 /* Debug */,
				DABBEADD22B593780025A6B7 /* Release */,
			);
			defaultConfigurationIsVisible = 0;
			defaultConfigurationName = Release;
		};
		DABBEADE22B593780025A6B7 /* Build configuration list for PBXNativeTarget "Jaime" */ = {
			isa = XCConfigurationList;
			buildConfigurations = (
				DABBEADF22B593780025A6B7 /* Debug */,
				DABBEAE022B593780025A6B7 /* Release */,
			);
			defaultConfigurationIsVisible = 0;
			defaultConfigurationName = Release;
		};
/* End XCConfigurationList section */
	};
	rootObject = DABBEAC422B593770025A6B7 /* Project object */;
}
